
Microsoft Visual Studio Solution File, Format Version 12.00
# Visual Studio Version 17
VisualStudioVersion = 17.0.31903.59
MinimumVisualStudioVersion = 10.0.40219.1
Project("{FAE04EC0-301F-11D3-BF4B-00C04F79EFBC}") = "FMS.Server", "FMS\Server\FMS.Server.csproj", "{77FA9BCB-43E6-449B-9F1E-2E306EDD5534}"
EndProject
Project("{FAE04EC0-301F-11D3-BF4B-00C04F79EFBC}") = "FMS.Client", "FMS\Client\FMS.Client.csproj", "{825118E7-77E4-42C1-B64D-AE1A64192A00}"
EndProject
Project("{FAE04EC0-301F-11D3-BF4B-00C04F79EFBC}") = "FMS.Shared", "FMS\Shared\FMS.Shared.csproj", "{C9B299D8-661F-4499-8A77-10B9C50F7AA7}"
EndProject
Global
	GlobalSection(SolutionConfigurationPlatforms) = preSolution
		Debug|Any CPU = Debug|Any CPU
		Release|Any CPU = Release|Any CPU
	EndGlobalSection
	GlobalSection(ProjectConfigurationPlatforms) = postSolution
		{77FA9BCB-43E6-449B-9F1E-2E306EDD5534}.Debug|Any CPU.ActiveCfg = Debug|Any CPU
		{77FA9BCB-43E6-449B-9F1E-2E306EDD5534}.Debug|Any CPU.Build.0 = Debug|Any CPU
		{77FA9BCB-43E6-449B-9F1E-2E306EDD5534}.Release|Any CPU.ActiveCfg = Release|Any CPU
		{77FA9BCB-43E6-449B-9F1E-2E306EDD5534}.Release|Any CPU.Build.0 = Release|Any CPU
		{825118E7-77E4-42C1-B64D-AE1A64192A00}.Debug|Any CPU.ActiveCfg = Debug|Any CPU
		{825118E7-77E4-42C1-B64D-AE1A64192A00}.Debug|Any CPU.Build.0 = Debug|Any CPU
		{825118E7-77E4-42C1-B64D-AE1A64192A00}.Release|Any CPU.ActiveCfg = Release|Any CPU
		{825118E7-77E4-42C1-B64D-AE1A64192A00}.Release|Any CPU.Build.0 = Release|Any CPU
		{C9B299D8-661F-4499-8A77-10B9C50F7AA7}.Debug|Any CPU.ActiveCfg = Debug|Any CPU
		{C9B299D8-661F-4499-8A77-10B9C50F7AA7}.Debug|Any CPU.Build.0 = Debug|Any CPU
		{C9B299D8-661F-4499-8A77-10B9C50F7AA7}.Release|Any CPU.ActiveCfg = Release|Any CPU
		{C9B299D8-661F-4499-8A77-10B9C50F7AA7}.Release|Any CPU.Build.0 = Release|Any CPU
	EndGlobalSection
	GlobalSection(SolutionProperties) = preSolution
		HideSolutionNode = FALSE
	EndGlobalSection
EndGlobal
